// !$*UTF8*$!
{
	archiveVersion = 1;
	classes = {
	};
	objectVersion = 46;
	objects = {

/* Begin PBXBuildFile section */
		FB011D4B154F288D00A397EE /* libserviceclient.a in Frameworks */ = {isa = PBXBuildFile; fileRef = FB2EB2321538FDB5002B7B71 /* libserviceclient.a */; };
		FB2EB2361538FDB5002B7B71 /* Foundation.framework in Frameworks */ = {isa = PBXBuildFile; fileRef = FB2EB2351538FDB5002B7B71 /* Foundation.framework */; };
		FB2EB2441538FDB5002B7B71 /* SenTestingKit.framework in Frameworks */ = {isa = PBXBuildFile; fileRef = FB2EB2431538FDB5002B7B71 /* SenTestingKit.framework */; };
		FB2EB2471538FDB5002B7B71 /* Foundation.framework in Frameworks */ = {isa = PBXBuildFile; fileRef = FB2EB2351538FDB5002B7B71 /* Foundation.framework */; };
		FB2EB24A1538FDB5002B7B71 /* libserviceclient.a in Frameworks */ = {isa = PBXBuildFile; fileRef = FB2EB2321538FDB5002B7B71 /* libserviceclient.a */; };
		FB2EB2501538FDB5002B7B71 /* InfoPlist.strings in Resources */ = {isa = PBXBuildFile; fileRef = FB2EB24E1538FDB5002B7B71 /* InfoPlist.strings */; };
		FB2EB2531538FDB5002B7B71 /* ServiceClientTests.m in Sources */ = {isa = PBXBuildFile; fileRef = FB2EB2521538FDB5002B7B71 /* ServiceClientTests.m */; };
		FB478BE51541E90400EA06F4 /* DEDemosViewController.m in Sources */ = {isa = PBXBuildFile; fileRef = FB478BE31541E90400EA06F4 /* DEDemosViewController.m */; };
		FB478BEB1541E9A800EA06F4 /* DEDemosView.xib in Resources */ = {isa = PBXBuildFile; fileRef = FB478BE91541E9A800EA06F4 /* DEDemosView.xib */; };
		FB478BEF1541F5D900EA06F4 /* UIKit.framework in Frameworks */ = {isa = PBXBuildFile; fileRef = FB478BEE1541F5D900EA06F4 /* UIKit.framework */; };
		FB478BF71541FE5200EA06F4 /* DETwitterView.xib in Resources */ = {isa = PBXBuildFile; fileRef = FB478BF61541FE5200EA06F4 /* DETwitterView.xib */; };
		FB478BFA1542267100EA06F4 /* DEGithubViewController.m in Sources */ = {isa = PBXBuildFile; fileRef = FB478BF91542267100EA06F4 /* DEGithubViewController.m */; };
		FB478BFD154226B400EA06F4 /* DETwitterViewController.m in Sources */ = {isa = PBXBuildFile; fileRef = FB478BFC154226B400EA06F4 /* DETwitterViewController.m */; };
		FB478BFF154226DF00EA06F4 /* DEGithubView.xib in Resources */ = {isa = PBXBuildFile; fileRef = FB478BFE154226DF00EA06F4 /* DEGithubView.xib */; };
		FB64C120153900F40010136A /* DEServiceClient.m in Sources */ = {isa = PBXBuildFile; fileRef = FB64C11D153900F40010136A /* DEServiceClient.m */; };
		FB64C121153900F40010136A /* DEServiceClient.h in Headers */ = {isa = PBXBuildFile; fileRef = FB64C11F153900F40010136A /* DEServiceClient.h */; };
		FB64C124153905E50010136A /* DEServiceClientDefines.h in Headers */ = {isa = PBXBuildFile; fileRef = FB64C123153905E50010136A /* DEServiceClientDefines.h */; };
		FB64C126153910250010136A /* DEServiceOperation.m in Sources */ = {isa = PBXBuildFile; fileRef = FB64C125153910250010136A /* DEServiceOperation.m */; };
		FB66EB71153F425400479972 /* DEServiceOperation.h in Headers */ = {isa = PBXBuildFile; fileRef = FB66EB70153F425400479972 /* DEServiceOperation.h */; };
		FB66EB771540CD7D00479972 /* DEServiceClientDefines.m in Sources */ = {isa = PBXBuildFile; fileRef = FB66EB761540CD7D00479972 /* DEServiceClientDefines.m */; };
		FB66EBE31540EF5D00479972 /* Foundation.framework in Frameworks */ = {isa = PBXBuildFile; fileRef = FB2EB2351538FDB5002B7B71 /* Foundation.framework */; };
		FB66EBE51540EF5D00479972 /* CoreGraphics.framework in Frameworks */ = {isa = PBXBuildFile; fileRef = FB66EBE41540EF5D00479972 /* CoreGraphics.framework */; };
		FB66EBED1540EF5D00479972 /* main.m in Sources */ = {isa = PBXBuildFile; fileRef = FB66EBEC1540EF5D00479972 /* main.m */; };
		FB66EBF11540EF5D00479972 /* AppDelegate.m in Sources */ = {isa = PBXBuildFile; fileRef = FB66EBF01540EF5D00479972 /* AppDelegate.m */; };
		FB78153D1548E1A300D8176A /* DEGithubClient.m in Sources */ = {isa = PBXBuildFile; fileRef = FB78153C1548E1A300D8176A /* DEGithubClient.m */; };
		FB7C08BE1550CAC400428C89 /* DEGithubRepo.m in Sources */ = {isa = PBXBuildFile; fileRef = FB7C08BD1550CAC400428C89 /* DEGithubRepo.m */; };
		FB7C08C21550D14300428C89 /* DEDemoViewController.m in Sources */ = {isa = PBXBuildFile; fileRef = FB7C08C11550D14200428C89 /* DEDemoViewController.m */; };
		FBE89460153CB2D800FB01BD /* DEServiceHelper.h in Headers */ = {isa = PBXBuildFile; fileRef = FBE8945F153CB2D800FB01BD /* DEServiceHelper.h */; };
		FBE89463153CB30200FB01BD /* DEServiceHelper.m in Sources */ = {isa = PBXBuildFile; fileRef = FBE89462153CB30200FB01BD /* DEServiceHelper.m */; };
/* End PBXBuildFile section */

/* Begin PBXContainerItemProxy section */
		FB2EB2481538FDB5002B7B71 /* PBXContainerItemProxy */ = {
			isa = PBXContainerItemProxy;
			containerPortal = FB2EB2291538FDB5002B7B71 /* Project object */;
			proxyType = 1;
			remoteGlobalIDString = FB2EB2311538FDB5002B7B71;
			remoteInfo = ServiceClient;
		};
		FB66EBFE1540EF7000479972 /* PBXContainerItemProxy */ = {
			isa = PBXContainerItemProxy;
			containerPortal = FB2EB2291538FDB5002B7B71 /* Project object */;
			proxyType = 1;
			remoteGlobalIDString = FB2EB2311538FDB5002B7B71;
			remoteInfo = ServiceClient;
		};
/* End PBXContainerItemProxy section */

/* Begin PBXFileReference section */
		FB2EB2321538FDB5002B7B71 /* libserviceclient.a */ = {isa = PBXFileReference; explicitFileType = archive.ar; includeInIndex = 0; path = libserviceclient.a; sourceTree = BUILT_PRODUCTS_DIR; };
		FB2EB2351538FDB5002B7B71 /* Foundation.framework */ = {isa = PBXFileReference; lastKnownFileType = wrapper.framework; name = Foundation.framework; path = System/Library/Frameworks/Foundation.framework; sourceTree = SDKROOT; };
		FB2EB2391538FDB5002B7B71 /* ServiceClient-Prefix.pch */ = {isa = PBXFileReference; lastKnownFileType = sourcecode.c.h; path = "ServiceClient-Prefix.pch"; sourceTree = "<group>"; };
		FB2EB2421538FDB5002B7B71 /* ServiceClientTests.octest */ = {isa = PBXFileReference; explicitFileType = wrapper.cfbundle; includeInIndex = 0; path = ServiceClientTests.octest; sourceTree = BUILT_PRODUCTS_DIR; };
		FB2EB2431538FDB5002B7B71 /* SenTestingKit.framework */ = {isa = PBXFileReference; lastKnownFileType = wrapper.framework; name = SenTestingKit.framework; path = Library/Frameworks/SenTestingKit.framework; sourceTree = DEVELOPER_DIR; };
		FB2EB24D1538FDB5002B7B71 /* ServiceClientTests-Info.plist */ = {isa = PBXFileReference; lastKnownFileType = text.plist.xml; path = "ServiceClientTests-Info.plist"; sourceTree = "<group>"; };
		FB2EB24F1538FDB5002B7B71 /* en */ = {isa = PBXFileReference; lastKnownFileType = text.plist.strings; name = en; path = en.lproj/InfoPlist.strings; sourceTree = "<group>"; };
		FB2EB2511538FDB5002B7B71 /* ServiceClientTests.h */ = {isa = PBXFileReference; lastKnownFileType = sourcecode.c.h; path = ServiceClientTests.h; sourceTree = "<group>"; };
		FB2EB2521538FDB5002B7B71 /* ServiceClientTests.m */ = {isa = PBXFileReference; lastKnownFileType = sourcecode.c.objc; path = ServiceClientTests.m; sourceTree = "<group>"; };
		FB478BE21541E90400EA06F4 /* DEDemosViewController.h */ = {isa = PBXFileReference; fileEncoding = 4; lastKnownFileType = sourcecode.c.h; path = DEDemosViewController.h; sourceTree = "<group>"; };
		FB478BE31541E90400EA06F4 /* DEDemosViewController.m */ = {isa = PBXFileReference; fileEncoding = 4; lastKnownFileType = sourcecode.c.objc; path = DEDemosViewController.m; sourceTree = "<group>"; };
		FB478BE91541E9A800EA06F4 /* DEDemosView.xib */ = {isa = PBXFileReference; fileEncoding = 4; lastKnownFileType = file.xib; path = DEDemosView.xib; sourceTree = "<group>"; };
		FB478BEE1541F5D900EA06F4 /* UIKit.framework */ = {isa = PBXFileReference; lastKnownFileType = wrapper.framework; name = UIKit.framework; path = System/Library/Frameworks/UIKit.framework; sourceTree = SDKROOT; };
		FB478BF61541FE5200EA06F4 /* DETwitterView.xib */ = {isa = PBXFileReference; fileEncoding = 4; lastKnownFileType = file.xib; path = DETwitterView.xib; sourceTree = "<group>"; };
		FB478BF81542267100EA06F4 /* DEGithubViewController.h */ = {isa = PBXFileReference; fileEncoding = 4; lastKnownFileType = sourcecode.c.h; path = DEGithubViewController.h; sourceTree = "<group>"; };
		FB478BF91542267100EA06F4 /* DEGithubViewController.m */ = {isa = PBXFileReference; fileEncoding = 4; lastKnownFileType = sourcecode.c.objc; path = DEGithubViewController.m; sourceTree = "<group>"; };
		FB478BFB154226B400EA06F4 /* DETwitterViewController.h */ = {isa = PBXFileReference; fileEncoding = 4; lastKnownFileType = sourcecode.c.h; path = DETwitterViewController.h; sourceTree = "<group>"; };
		FB478BFC154226B400EA06F4 /* DETwitterViewController.m */ = {isa = PBXFileReference; fileEncoding = 4; lastKnownFileType = sourcecode.c.objc; path = DETwitterViewController.m; sourceTree = "<group>"; };
		FB478BFE154226DF00EA06F4 /* DEGithubView.xib */ = {isa = PBXFileReference; fileEncoding = 4; lastKnownFileType = file.xib; path = DEGithubView.xib; sourceTree = "<group>"; };
		FB64C11D153900F40010136A /* DEServiceClient.m */ = {isa = PBXFileReference; fileEncoding = 4; lastKnownFileType = sourcecode.c.objc; path = DEServiceClient.m; sourceTree = "<group>"; };
		FB64C11F153900F40010136A /* DEServiceClient.h */ = {isa = PBXFileReference; fileEncoding = 4; lastKnownFileType = sourcecode.c.h; path = DEServiceClient.h; sourceTree = "<group>"; };
		FB64C123153905E50010136A /* DEServiceClientDefines.h */ = {isa = PBXFileReference; fileEncoding = 4; lastKnownFileType = sourcecode.c.h; path = DEServiceClientDefines.h; sourceTree = "<group>"; };
		FB64C125153910250010136A /* DEServiceOperation.m */ = {isa = PBXFileReference; fileEncoding = 4; lastKnownFileType = sourcecode.c.objc; path = DEServiceOperation.m; sourceTree = "<group>"; };
		FB66EB70153F425400479972 /* DEServiceOperation.h */ = {isa = PBXFileReference; fileEncoding = 4; lastKnownFileType = sourcecode.c.h; path = DEServiceOperation.h; sourceTree = "<group>"; };
		FB66EB72153F43E900479972 /* DEServiceOperation_Internal.h */ = {isa = PBXFileReference; fileEncoding = 4; lastKnownFileType = sourcecode.c.h; path = DEServiceOperation_Internal.h; sourceTree = "<group>"; };
		FB66EB761540CD7D00479972 /* DEServiceClientDefines.m */ = {isa = PBXFileReference; fileEncoding = 4; lastKnownFileType = sourcecode.c.objc; path = DEServiceClientDefines.m; sourceTree = "<group>"; };
		FB66EBE01540EF5D00479972 /* ServiceClientDemos.app */ = {isa = PBXFileReference; explicitFileType = wrapper.application; includeInIndex = 0; path = ServiceClientDemos.app; sourceTree = BUILT_PRODUCTS_DIR; };
		FB66EBE41540EF5D00479972 /* CoreGraphics.framework */ = {isa = PBXFileReference; lastKnownFileType = wrapper.framework; name = CoreGraphics.framework; path = System/Library/Frameworks/CoreGraphics.framework; sourceTree = SDKROOT; };
		FB66EBE81540EF5D00479972 /* ServiceClientDemos-Info.plist */ = {isa = PBXFileReference; lastKnownFileType = text.plist.xml; path = "ServiceClientDemos-Info.plist"; sourceTree = "<group>"; };
		FB66EBEC1540EF5D00479972 /* main.m */ = {isa = PBXFileReference; lastKnownFileType = sourcecode.c.objc; path = main.m; sourceTree = "<group>"; };
		FB66EBEE1540EF5D00479972 /* ServiceClientDemos-Prefix.pch */ = {isa = PBXFileReference; lastKnownFileType = sourcecode.c.h; path = "ServiceClientDemos-Prefix.pch"; sourceTree = "<group>"; };
		FB66EBEF1540EF5D00479972 /* AppDelegate.h */ = {isa = PBXFileReference; lastKnownFileType = sourcecode.c.h; path = AppDelegate.h; sourceTree = "<group>"; };
		FB66EBF01540EF5D00479972 /* AppDelegate.m */ = {isa = PBXFileReference; lastKnownFileType = sourcecode.c.objc; path = AppDelegate.m; sourceTree = "<group>"; };
		FB78153B1548E1A300D8176A /* DEGithubClient.h */ = {isa = PBXFileReference; fileEncoding = 4; lastKnownFileType = sourcecode.c.h; path = DEGithubClient.h; sourceTree = "<group>"; };
		FB78153C1548E1A300D8176A /* DEGithubClient.m */ = {isa = PBXFileReference; fileEncoding = 4; lastKnownFileType = sourcecode.c.objc; path = DEGithubClient.m; sourceTree = "<group>"; };
		FB7C08BC1550CAC400428C89 /* DEGithubRepo.h */ = {isa = PBXFileReference; fileEncoding = 4; lastKnownFileType = sourcecode.c.h; path = DEGithubRepo.h; sourceTree = "<group>"; };
		FB7C08BD1550CAC400428C89 /* DEGithubRepo.m */ = {isa = PBXFileReference; fileEncoding = 4; lastKnownFileType = sourcecode.c.objc; path = DEGithubRepo.m; sourceTree = "<group>"; };
		FB7C08C01550D14200428C89 /* DEDemoViewController.h */ = {isa = PBXFileReference; fileEncoding = 4; lastKnownFileType = sourcecode.c.h; path = DEDemoViewController.h; sourceTree = "<group>"; };
		FB7C08C11550D14200428C89 /* DEDemoViewController.m */ = {isa = PBXFileReference; fileEncoding = 4; lastKnownFileType = sourcecode.c.objc; path = DEDemoViewController.m; sourceTree = "<group>"; };
		FBE8945F153CB2D800FB01BD /* DEServiceHelper.h */ = {isa = PBXFileReference; fileEncoding = 4; lastKnownFileType = sourcecode.c.h; path = DEServiceHelper.h; sourceTree = "<group>"; };
		FBE89462153CB30200FB01BD /* DEServiceHelper.m */ = {isa = PBXFileReference; fileEncoding = 4; lastKnownFileType = sourcecode.c.objc; path = DEServiceHelper.m; sourceTree = "<group>"; };
/* End PBXFileReference section */

/* Begin PBXFrameworksBuildPhase section */
		FB2EB22F1538FDB5002B7B71 /* Frameworks */ = {
			isa = PBXFrameworksBuildPhase;
			buildActionMask = 2147483647;
			files = (
				FB2EB2361538FDB5002B7B71 /* Foundation.framework in Frameworks */,
			);
			runOnlyForDeploymentPostprocessing = 0;
		};
		FB2EB23E1538FDB5002B7B71 /* Frameworks */ = {
			isa = PBXFrameworksBuildPhase;
			buildActionMask = 2147483647;
			files = (
				FB2EB2441538FDB5002B7B71 /* SenTestingKit.framework in Frameworks */,
				FB2EB2471538FDB5002B7B71 /* Foundation.framework in Frameworks */,
				FB2EB24A1538FDB5002B7B71 /* libserviceclient.a in Frameworks */,
			);
			runOnlyForDeploymentPostprocessing = 0;
		};
		FB66EBDD1540EF5D00479972 /* Frameworks */ = {
			isa = PBXFrameworksBuildPhase;
			buildActionMask = 2147483647;
			files = (
				FB011D4B154F288D00A397EE /* libserviceclient.a in Frameworks */,
				FB478BEF1541F5D900EA06F4 /* UIKit.framework in Frameworks */,
				FB66EBE31540EF5D00479972 /* Foundation.framework in Frameworks */,
				FB66EBE51540EF5D00479972 /* CoreGraphics.framework in Frameworks */,
			);
			runOnlyForDeploymentPostprocessing = 0;
		};
/* End PBXFrameworksBuildPhase section */

/* Begin PBXGroup section */
		FB2EB2271538FDB5002B7B71 = {
			isa = PBXGroup;
			children = (
				FB2EB2371538FDB5002B7B71 /* ServiceClient */,
				FB2EB24B1538FDB5002B7B71 /* ServiceClientTests */,
				FB66EBE61540EF5D00479972 /* ServiceClientDemos */,
				FB2EB2341538FDB5002B7B71 /* Frameworks */,
				FB2EB2331538FDB5002B7B71 /* Products */,
			);
			sourceTree = "<group>";
		};
		FB2EB2331538FDB5002B7B71 /* Products */ = {
			isa = PBXGroup;
			children = (
				FB2EB2321538FDB5002B7B71 /* libserviceclient.a */,
				FB2EB2421538FDB5002B7B71 /* ServiceClientTests.octest */,
				FB66EBE01540EF5D00479972 /* ServiceClientDemos.app */,
			);
			name = Products;
			sourceTree = "<group>";
		};
		FB2EB2341538FDB5002B7B71 /* Frameworks */ = {
			isa = PBXGroup;
			children = (
				FB478BEE1541F5D900EA06F4 /* UIKit.framework */,
				FB2EB2351538FDB5002B7B71 /* Foundation.framework */,
				FB2EB2431538FDB5002B7B71 /* SenTestingKit.framework */,
				FB66EBE41540EF5D00479972 /* CoreGraphics.framework */,
			);
			name = Frameworks;
			sourceTree = "<group>";
		};
		FB2EB2371538FDB5002B7B71 /* ServiceClient */ = {
			isa = PBXGroup;
			children = (
				FB64C11E153900F40010136A /* Includes */,
				FB64C11C153900F40010136A /* Classes */,
				FB2EB2381538FDB5002B7B71 /* Supporting Files */,
			);
			path = ServiceClient;
			sourceTree = "<group>";
		};
		FB2EB2381538FDB5002B7B71 /* Supporting Files */ = {
			isa = PBXGroup;
			children = (
				FB2EB2391538FDB5002B7B71 /* ServiceClient-Prefix.pch */,
			);
			name = "Supporting Files";
			sourceTree = "<group>";
		};
		FB2EB24B1538FDB5002B7B71 /* ServiceClientTests */ = {
			isa = PBXGroup;
			children = (
				FB2EB2511538FDB5002B7B71 /* ServiceClientTests.h */,
				FB2EB2521538FDB5002B7B71 /* ServiceClientTests.m */,
				FB2EB24C1538FDB5002B7B71 /* Supporting Files */,
			);
			path = ServiceClientTests;
			sourceTree = "<group>";
		};
		FB2EB24C1538FDB5002B7B71 /* Supporting Files */ = {
			isa = PBXGroup;
			children = (
				FB2EB24D1538FDB5002B7B71 /* ServiceClientTests-Info.plist */,
				FB2EB24E1538FDB5002B7B71 /* InfoPlist.strings */,
			);
			name = "Supporting Files";
			sourceTree = "<group>";
		};
		FB478BE11541E90400EA06F4 /* Controllers */ = {
			isa = PBXGroup;
			children = (
				FB478BF11541FD6200EA06F4 /* Github */,
				FB478BF21541FD6200EA06F4 /* Twitter */,
				FB478BE21541E90400EA06F4 /* DEDemosViewController.h */,
				FB478BE31541E90400EA06F4 /* DEDemosViewController.m */,
				FB7C08C01550D14200428C89 /* DEDemoViewController.h */,
				FB7C08C11550D14200428C89 /* DEDemoViewController.m */,
			);
			path = Controllers;
			sourceTree = "<group>";
		};
		FB478BE71541E9A800EA06F4 /* Views */ = {
			isa = PBXGroup;
			children = (
				FB478BE91541E9A800EA06F4 /* DEDemosView.xib */,
				FB478BFE154226DF00EA06F4 /* DEGithubView.xib */,
				FB478BF61541FE5200EA06F4 /* DETwitterView.xib */,
			);
			path = Views;
			sourceTree = "<group>";
		};
		FB478BF01541F64C00EA06F4 /* Services */ = {
			isa = PBXGroup;
			children = (
				FB7815391548E16B00D8176A /* Github */,
			);
			path = Services;
			sourceTree = "<group>";
		};
		FB478BF11541FD6200EA06F4 /* Github */ = {
			isa = PBXGroup;
			children = (
				FB478BF81542267100EA06F4 /* DEGithubViewController.h */,
				FB478BF91542267100EA06F4 /* DEGithubViewController.m */,
			);
			path = Github;
			sourceTree = "<group>";
		};
		FB478BF21541FD6200EA06F4 /* Twitter */ = {
			isa = PBXGroup;
			children = (
				FB478BFB154226B400EA06F4 /* DETwitterViewController.h */,
				FB478BFC154226B400EA06F4 /* DETwitterViewController.m */,
			);
			path = Twitter;
			sourceTree = "<group>";
		};
		FB64C11C153900F40010136A /* Classes */ = {
			isa = PBXGroup;
			children = (
				FB66EB761540CD7D00479972 /* DEServiceClientDefines.m */,
				FB64C11D153900F40010136A /* DEServiceClient.m */,
				FBE89462153CB30200FB01BD /* DEServiceHelper.m */,
				FB64C125153910250010136A /* DEServiceOperation.m */,
				FB66EB72153F43E900479972 /* DEServiceOperation_Internal.h */,
			);
			path = Classes;
			sourceTree = "<group>";
		};
		FB64C11E153900F40010136A /* Includes */ = {
			isa = PBXGroup;
			children = (
				FB64C123153905E50010136A /* DEServiceClientDefines.h */,
				FB64C11F153900F40010136A /* DEServiceClient.h */,
				FBE8945F153CB2D800FB01BD /* DEServiceHelper.h */,
				FB66EB70153F425400479972 /* DEServiceOperation.h */,
			);
			path = Includes;
			sourceTree = "<group>";
		};
		FB66EBE61540EF5D00479972 /* ServiceClientDemos */ = {
			isa = PBXGroup;
			children = (
				FB478BE11541E90400EA06F4 /* Controllers */,
				FB478BF01541F64C00EA06F4 /* Services */,
				FB478BE71541E9A800EA06F4 /* Views */,
				FB66EBE71540EF5D00479972 /* Supporting Files */,
				FB66EBEF1540EF5D00479972 /* AppDelegate.h */,
				FB66EBF01540EF5D00479972 /* AppDelegate.m */,
			);
			path = ServiceClientDemos;
			sourceTree = "<group>";
		};
		FB66EBE71540EF5D00479972 /* Supporting Files */ = {
			isa = PBXGroup;
			children = (
				FB66EBEC1540EF5D00479972 /* main.m */,
				FB66EBEE1540EF5D00479972 /* ServiceClientDemos-Prefix.pch */,
				FB66EBE81540EF5D00479972 /* ServiceClientDemos-Info.plist */,
			);
			name = "Supporting Files";
			sourceTree = "<group>";
		};
		FB7815391548E16B00D8176A /* Github */ = {
			isa = PBXGroup;
			children = (
				FB78153B1548E1A300D8176A /* DEGithubClient.h */,
				FB78153C1548E1A300D8176A /* DEGithubClient.m */,
				FB7C08BC1550CAC400428C89 /* DEGithubRepo.h */,
				FB7C08BD1550CAC400428C89 /* DEGithubRepo.m */,
			);
			path = Github;
			sourceTree = "<group>";
		};
/* End PBXGroup section */

/* Begin PBXHeadersBuildPhase section */
		FB2EB2301538FDB5002B7B71 /* Headers */ = {
			isa = PBXHeadersBuildPhase;
			buildActionMask = 2147483647;
			files = (
				FB64C121153900F40010136A /* DEServiceClient.h in Headers */,
				FB64C124153905E50010136A /* DEServiceClientDefines.h in Headers */,
				FBE89460153CB2D800FB01BD /* DEServiceHelper.h in Headers */,
				FB66EB71153F425400479972 /* DEServiceOperation.h in Headers */,
			);
			runOnlyForDeploymentPostprocessing = 0;
		};
/* End PBXHeadersBuildPhase section */

/* Begin PBXNativeTarget section */
		FB2EB2311538FDB5002B7B71 /* ServiceClient */ = {
			isa = PBXNativeTarget;
			buildConfigurationList = FB2EB2561538FDB5002B7B71 /* Build configuration list for PBXNativeTarget "ServiceClient" */;
			buildPhases = (
				FB2EB22E1538FDB5002B7B71 /* Sources */,
				FB2EB22F1538FDB5002B7B71 /* Frameworks */,
				FB2EB2301538FDB5002B7B71 /* Headers */,
				FB011D4C154F28ED00A397EE /* ShellScript */,
			);
			buildRules = (
			);
			dependencies = (
			);
			name = ServiceClient;
			productName = ServiceClient;
			productReference = FB2EB2321538FDB5002B7B71 /* libserviceclient.a */;
			productType = "com.apple.product-type.library.static";
		};
		FB2EB2411538FDB5002B7B71 /* ServiceClientTests */ = {
			isa = PBXNativeTarget;
			buildConfigurationList = FB2EB2591538FDB5002B7B71 /* Build configuration list for PBXNativeTarget "ServiceClientTests" */;
			buildPhases = (
				FB2EB23D1538FDB5002B7B71 /* Sources */,
				FB2EB23E1538FDB5002B7B71 /* Frameworks */,
				FB2EB23F1538FDB5002B7B71 /* Resources */,
				FB2EB2401538FDB5002B7B71 /* ShellScript */,
			);
			buildRules = (
			);
			dependencies = (
				FB2EB2491538FDB5002B7B71 /* PBXTargetDependency */,
			);
			name = ServiceClientTests;
			productName = ServiceClientTests;
			productReference = FB2EB2421538FDB5002B7B71 /* ServiceClientTests.octest */;
			productType = "com.apple.product-type.bundle";
		};
		FB66EBDF1540EF5D00479972 /* ServiceClientDemos */ = {
			isa = PBXNativeTarget;
			buildConfigurationList = FB66EBFB1540EF5D00479972 /* Build configuration list for PBXNativeTarget "ServiceClientDemos" */;
			buildPhases = (
				FB66EBDC1540EF5D00479972 /* Sources */,
				FB66EBDD1540EF5D00479972 /* Frameworks */,
				FB66EBDE1540EF5D00479972 /* Resources */,
			);
			buildRules = (
			);
			dependencies = (
				FB66EBFF1540EF7000479972 /* PBXTargetDependency */,
			);
			name = ServiceClientDemos;
			productName = ServiceClientDemos;
			productReference = FB66EBE01540EF5D00479972 /* ServiceClientDemos.app */;
			productType = "com.apple.product-type.application";
		};
/* End PBXNativeTarget section */

/* Begin PBXProject section */
		FB2EB2291538FDB5002B7B71 /* Project object */ = {
			isa = PBXProject;
			attributes = {
				LastUpgradeCheck = 0430;
				ORGANIZATIONNAME = "Nascent Digital";
			};
			buildConfigurationList = FB2EB22C1538FDB5002B7B71 /* Build configuration list for PBXProject "ServiceClient" */;
			compatibilityVersion = "Xcode 3.2";
			developmentRegion = English;
			hasScannedForEncodings = 0;
			knownRegions = (
				en,
			);
			mainGroup = FB2EB2271538FDB5002B7B71;
			productRefGroup = FB2EB2331538FDB5002B7B71 /* Products */;
			projectDirPath = "";
			projectRoot = "";
			targets = (
				FB2EB2311538FDB5002B7B71 /* ServiceClient */,
				FB2EB2411538FDB5002B7B71 /* ServiceClientTests */,
				FB66EBDF1540EF5D00479972 /* ServiceClientDemos */,
			);
		};
/* End PBXProject section */

/* Begin PBXResourcesBuildPhase section */
		FB2EB23F1538FDB5002B7B71 /* Resources */ = {
			isa = PBXResourcesBuildPhase;
			buildActionMask = 2147483647;
			files = (
				FB2EB2501538FDB5002B7B71 /* InfoPlist.strings in Resources */,
			);
			runOnlyForDeploymentPostprocessing = 0;
		};
		FB66EBDE1540EF5D00479972 /* Resources */ = {
			isa = PBXResourcesBuildPhase;
			buildActionMask = 2147483647;
			files = (
				FB478BEB1541E9A800EA06F4 /* DEDemosView.xib in Resources */,
				FB478BF71541FE5200EA06F4 /* DETwitterView.xib in Resources */,
				FB478BFF154226DF00EA06F4 /* DEGithubView.xib in Resources */,
			);
			runOnlyForDeploymentPostprocessing = 0;
		};
/* End PBXResourcesBuildPhase section */

/* Begin PBXShellScriptBuildPhase section */
		FB011D4C154F28ED00A397EE /* ShellScript */ = {
			isa = PBXShellScriptBuildPhase;
			buildActionMask = 2147483647;
			files = (
			);
			inputPaths = (
			);
			outputPaths = (
			);
			runOnlyForDeploymentPostprocessing = 0;
			shellPath = /bin/sh;
			shellScript = "# Version 2.0 (updated for Xcode 4, with some fixes)\n# Changes:\n#    - Works with xcode 4, even when running xcode 3 projects (Workarounds for apple bugs)\n#    - Faster / better: only runs lipo once, instead of once per recursion\n#    - Added some debugging statemetns that can be switched on/off by changing the DEBUG_THIS_SCRIPT variable to \"true\"\n#    - Fixed some typos\n# \n# Purpose:\n#   Create a static library for iPhone from within XCode\n#   Because Apple staff DELIBERATELY broke Xcode to make this impossible from the GUI (Xcode 3.2.3 specifically states this in the Release notes!)\n#   ...no, I don't understand why they did this!\n#\n# Author: Adam Martin - http://twitter.com/redglassesapps\n# Based on: original script from Eonil (main changes: Eonil's script WILL NOT WORK in Xcode GUI - it WILL CRASH YOUR COMPUTER)\n#\n# More info: see this Stack Overflow question: http://stackoverflow.com/questions/3520977/build-fat-static-library-device-simulator-using-xcode-and-sdk-4\n\n#################[ Tests: helps workaround any future bugs in Xcode ]########\n#\nDEBUG_THIS_SCRIPT=\"false\"\n\nif [ $DEBUG_THIS_SCRIPT = \"true\" ]\nthen\necho \"########### TESTS #############\"\necho \"Use the following variables when debugging this script; note that they may change on recursions\"\necho \"BUILD_DIR = $BUILD_DIR\"\necho \"BUILD_ROOT = $BUILD_ROOT\"\necho \"CONFIGURATION_BUILD_DIR = $CONFIGURATION_BUILD_DIR\"\necho \"BUILT_PRODUCTS_DIR = $BUILT_PRODUCTS_DIR\"\necho \"CONFIGURATION_TEMP_DIR = $CONFIGURATION_TEMP_DIR\"\necho \"TARGET_BUILD_DIR = $TARGET_BUILD_DIR\"\nfi\n\n#####################[ part 1 ]##################\n# First, work out the BASESDK version number (NB: Apple ought to report this, but they hide it)\n#    (incidental: searching for substrings in sh is a nightmare! Sob)\n\nSDK_VERSION=$(echo ${SDK_NAME} | grep -o '.\\{3\\}$')\n\n# Next, work out if we're in SIM or DEVICE\n\nif [ ${PLATFORM_NAME} = \"iphonesimulator\" ]\nthen\nOTHER_SDK_TO_BUILD=iphoneos${SDK_VERSION}\nelse\nOTHER_SDK_TO_BUILD=iphonesimulator${SDK_VERSION}\nfi\n\necho \"XCode has selected SDK: ${PLATFORM_NAME} with version: ${SDK_VERSION} (although back-targetting: ${IPHONEOS_DEPLOYMENT_TARGET})\"\necho \"...therefore, OTHER_SDK_TO_BUILD = ${OTHER_SDK_TO_BUILD}\"\n#\n#####################[ end of part 1 ]##################\n\n#####################[ part 2 ]##################\n#\n# IF this is the original invocation, invoke WHATEVER other builds are required\n#\n# Xcode is already building ONE target...\n#\n# ...but this is a LIBRARY, so Apple is wrong to set it to build just one.\n# ...we need to build ALL targets\n# ...we MUST NOT re-build the target that is ALREADY being built: Xcode WILL CRASH YOUR COMPUTER if you try this (infinite recursion!)\n#\n#\n# So: build ONLY the missing platforms/configurations.\n\nif [ \"true\" == ${ALREADYINVOKED:-false} ]\nthen\necho \"RECURSION: I am NOT the root invocation, so I'm NOT going to recurse\"\nelse\n# CRITICAL:\n# Prevent infinite recursion (Xcode sucks)\nexport ALREADYINVOKED=\"true\"\n\necho \"RECURSION: I am the root ... recursing all missing build targets NOW...\"\necho \"RECURSION: ...about to invoke: xcodebuild -configuration \\\"${CONFIGURATION}\\\" -target \\\"${TARGET_NAME}\\\" -sdk \\\"${OTHER_SDK_TO_BUILD}\\\" ${ACTION} RUN_CLANG_STATIC_ANALYZER=NO\"\nxcodebuild -configuration \"${CONFIGURATION}\" -target \"${TARGET_NAME}\" -sdk \"${OTHER_SDK_TO_BUILD}\" ${ACTION} RUN_CLANG_STATIC_ANALYZER=NO BUILD_DIR=\"${BUILD_DIR}\" BUILD_ROOT=\"${BUILD_ROOT}\"\n\nACTION=\"build\"\n\n#Merge all platform binaries as a fat binary for each configurations.\n\n# Calculate where the (multiple) built files are coming from:\nCURRENTCONFIG_DEVICE_DIR=${SYMROOT}/${CONFIGURATION}-iphoneos\nCURRENTCONFIG_SIMULATOR_DIR=${SYMROOT}/${CONFIGURATION}-iphonesimulator\n\necho \"Taking device build from: ${CURRENTCONFIG_DEVICE_DIR}\"\necho \"Taking simulator build from: ${CURRENTCONFIG_SIMULATOR_DIR}\"\n\nCREATING_UNIVERSAL_DIR=${SYMROOT}/${CONFIGURATION}-universal\necho \"...I will output a universal build to: ${CREATING_UNIVERSAL_DIR}\"\n\n# ... remove the products of previous runs of this script\n#      NB: this directory is ONLY created by this script - it should be safe to delete!\n\nrm -rf \"${CREATING_UNIVERSAL_DIR}\"\nmkdir \"${CREATING_UNIVERSAL_DIR}\"\n\n#\necho \"lipo: for current configuration (${CONFIGURATION}) creating output file: ${CREATING_UNIVERSAL_DIR}/${EXECUTABLE_NAME}\"\nlipo -create -output \"${CREATING_UNIVERSAL_DIR}/${EXECUTABLE_NAME}\" \"${CURRENTCONFIG_DEVICE_DIR}/${EXECUTABLE_NAME}\" \"${CURRENTCONFIG_SIMULATOR_DIR}/${EXECUTABLE_NAME}\"\n\nmkdir -p \"${CREATING_UNIVERSAL_DIR}/Includes\"\necho \"rsync (${SOURCE_ROOT}/${TARGET_NAME}/Includes) (${CREATING_UNIVERSAL_DIR})\"\nrsync -avC \"${SOURCE_ROOT}/${TARGET_NAME}/Includes\" \"${CREATING_UNIVERSAL_DIR}\"\nfi";
			showEnvVarsInLog = 0;
		};
		FB2EB2401538FDB5002B7B71 /* ShellScript */ = {
			isa = PBXShellScriptBuildPhase;
			buildActionMask = 2147483647;
			files = (
			);
			inputPaths = (
			);
			outputPaths = (
			);
			runOnlyForDeploymentPostprocessing = 0;
			shellPath = /bin/sh;
			shellScript = "# Run the unit tests in this test bundle.\n\"${SYSTEM_DEVELOPER_DIR}/Tools/RunUnitTests\"\n";
		};
/* End PBXShellScriptBuildPhase section */

/* Begin PBXSourcesBuildPhase section */
		FB2EB22E1538FDB5002B7B71 /* Sources */ = {
			isa = PBXSourcesBuildPhase;
			buildActionMask = 2147483647;
			files = (
				FB64C120153900F40010136A /* DEServiceClient.m in Sources */,
				FB64C126153910250010136A /* DEServiceOperation.m in Sources */,
				FBE89463153CB30200FB01BD /* DEServiceHelper.m in Sources */,
				FB66EB771540CD7D00479972 /* DEServiceClientDefines.m in Sources */,
			);
			runOnlyForDeploymentPostprocessing = 0;
		};
		FB2EB23D1538FDB5002B7B71 /* Sources */ = {
			isa = PBXSourcesBuildPhase;
			buildActionMask = 2147483647;
			files = (
				FB2EB2531538FDB5002B7B71 /* ServiceClientTests.m in Sources */,
			);
			runOnlyForDeploymentPostprocessing = 0;
		};
		FB66EBDC1540EF5D00479972 /* Sources */ = {
			isa = PBXSourcesBuildPhase;
			buildActionMask = 2147483647;
			files = (
				FB66EBED1540EF5D00479972 /* main.m in Sources */,
				FB66EBF11540EF5D00479972 /* AppDelegate.m in Sources */,
				FB478BE51541E90400EA06F4 /* DEDemosViewController.m in Sources */,
				FB478BFA1542267100EA06F4 /* DEGithubViewController.m in Sources */,
				FB478BFD154226B400EA06F4 /* DETwitterViewController.m in Sources */,
				FB78153D1548E1A300D8176A /* DEGithubClient.m in Sources */,
				FB7C08BE1550CAC400428C89 /* DEGithubRepo.m in Sources */,
				FB7C08C21550D14300428C89 /* DEDemoViewController.m in Sources */,
			);
			runOnlyForDeploymentPostprocessing = 0;
		};
/* End PBXSourcesBuildPhase section */

/* Begin PBXTargetDependency section */
		FB2EB2491538FDB5002B7B71 /* PBXTargetDependency */ = {
			isa = PBXTargetDependency;
			target = FB2EB2311538FDB5002B7B71 /* ServiceClient */;
			targetProxy = FB2EB2481538FDB5002B7B71 /* PBXContainerItemProxy */;
		};
		FB66EBFF1540EF7000479972 /* PBXTargetDependency */ = {
			isa = PBXTargetDependency;
			target = FB2EB2311538FDB5002B7B71 /* ServiceClient */;
			targetProxy = FB66EBFE1540EF7000479972 /* PBXContainerItemProxy */;
		};
/* End PBXTargetDependency section */

/* Begin PBXVariantGroup section */
		FB2EB24E1538FDB5002B7B71 /* InfoPlist.strings */ = {
			isa = PBXVariantGroup;
			children = (
				FB2EB24F1538FDB5002B7B71 /* en */,
			);
			name = InfoPlist.strings;
			sourceTree = "<group>";
		};
/* End PBXVariantGroup section */

/* Begin XCBuildConfiguration section */
		FB2EB2541538FDB5002B7B71 /* Debug */ = {
			isa = XCBuildConfiguration;
			buildSettings = {
				ALWAYS_SEARCH_USER_PATHS = NO;
				ARCHS = "$(ARCHS_STANDARD_32_BIT)";
				CLANG_ENABLE_OBJC_ARC = YES;
				COPY_PHASE_STRIP = NO;
				GCC_C_LANGUAGE_STANDARD = gnu99;
				GCC_DYNAMIC_NO_PIC = NO;
				GCC_OPTIMIZATION_LEVEL = 0;
				GCC_PREPROCESSOR_DEFINITIONS = (
					"DEBUG=1",
					"$(inherited)",
				);
				GCC_SYMBOLS_PRIVATE_EXTERN = NO;
				GCC_VERSION = com.apple.compilers.llvm.clang.1_0;
				GCC_WARN_ABOUT_RETURN_TYPE = YES;
				GCC_WARN_UNINITIALIZED_AUTOS = YES;
				GCC_WARN_UNUSED_VARIABLE = YES;
				IPHONEOS_DEPLOYMENT_TARGET = 4.3;
				SDKROOT = iphoneos;
			};
			name = Debug;
		};
		FB2EB2551538FDB5002B7B71 /* Release */ = {
			isa = XCBuildConfiguration;
			buildSettings = {
				ALWAYS_SEARCH_USER_PATHS = NO;
				ARCHS = "$(ARCHS_STANDARD_32_BIT)";
				CLANG_ENABLE_OBJC_ARC = YES;
				COPY_PHASE_STRIP = YES;
				GCC_C_LANGUAGE_STANDARD = gnu99;
				GCC_VERSION = com.apple.compilers.llvm.clang.1_0;
				GCC_WARN_ABOUT_RETURN_TYPE = YES;
				GCC_WARN_UNINITIALIZED_AUTOS = YES;
				GCC_WARN_UNUSED_VARIABLE = YES;
				IPHONEOS_DEPLOYMENT_TARGET = 4.3;
				SDKROOT = iphoneos;
				VALIDATE_PRODUCT = YES;
			};
			name = Release;
		};
		FB2EB2571538FDB5002B7B71 /* Debug */ = {
			isa = XCBuildConfiguration;
			buildSettings = {
				DSTROOT = /tmp/ServiceClient.dst;
				GCC_PRECOMPILE_PREFIX_HEADER = YES;
				GCC_PREFIX_HEADER = "ServiceClient/ServiceClient-Prefix.pch";
				OTHER_LDFLAGS = "-ObjC";
				PRODUCT_NAME = serviceclient;
				SKIP_INSTALL = YES;
			};
			name = Debug;
		};
		FB2EB2581538FDB5002B7B71 /* Release */ = {
			isa = XCBuildConfiguration;
			buildSettings = {
				DSTROOT = /tmp/ServiceClient.dst;
				GCC_PRECOMPILE_PREFIX_HEADER = YES;
				GCC_PREFIX_HEADER = "ServiceClient/ServiceClient-Prefix.pch";
				OTHER_LDFLAGS = "-ObjC";
				PRODUCT_NAME = serviceclient;
				SKIP_INSTALL = YES;
			};
			name = Release;
		};
		FB2EB25A1538FDB5002B7B71 /* Debug */ = {
			isa = XCBuildConfiguration;
			buildSettings = {
				FRAMEWORK_SEARCH_PATHS = (
					"$(SDKROOT)/Developer/Library/Frameworks",
					"$(DEVELOPER_LIBRARY_DIR)/Frameworks",
				);
				GCC_PRECOMPILE_PREFIX_HEADER = YES;
				GCC_PREFIX_HEADER = "ServiceClient/ServiceClient-Prefix.pch";
				INFOPLIST_FILE = "ServiceClientTests/ServiceClientTests-Info.plist";
				PRODUCT_NAME = "$(TARGET_NAME)";
				WRAPPER_EXTENSION = octest;
			};
			name = Debug;
		};
		FB2EB25B1538FDB5002B7B71 /* Release */ = {
			isa = XCBuildConfiguration;
			buildSettings = {
				FRAMEWORK_SEARCH_PATHS = (
					"$(SDKROOT)/Developer/Library/Frameworks",
					"$(DEVELOPER_LIBRARY_DIR)/Frameworks",
				);
				GCC_PRECOMPILE_PREFIX_HEADER = YES;
				GCC_PREFIX_HEADER = "ServiceClient/ServiceClient-Prefix.pch";
				INFOPLIST_FILE = "ServiceClientTests/ServiceClientTests-Info.plist";
				PRODUCT_NAME = "$(TARGET_NAME)";
				WRAPPER_EXTENSION = octest;
			};
			name = Release;
		};
		FB66EBFC1540EF5D00479972 /* Debug */ = {
			isa = XCBuildConfiguration;
			buildSettings = {
				"CODE_SIGN_IDENTITY[sdk=iphoneos*]" = "iPhone Developer";
				FRAMEWORK_SEARCH_PATHS = (
					"$(inherited)",
					"\"$(SYSTEM_APPS_DIR)/Xcode.app/Contents/Developer/Library/Frameworks\"",
				);
				GCC_PRECOMPILE_PREFIX_HEADER = YES;
				GCC_PREFIX_HEADER = "ServiceClientDemos/ServiceClientDemos-Prefix.pch";
				INFOPLIST_FILE = "ServiceClientDemos/ServiceClientDemos-Info.plist";
				IPHONEOS_DEPLOYMENT_TARGET = 5.1;
				LIBRARY_SEARCH_PATHS = "\"$(SRCROOT)/ServiceClient\"";
				OTHER_LDFLAGS = (
					"-all_load",
					"-ObjC",
				);
				PRODUCT_NAME = "$(TARGET_NAME)";
				TARGETED_DEVICE_FAMILY = "1,2";
				WRAPPER_EXTENSION = app;
			};
			name = Debug;
		};
		FB66EBFD1540EF5D00479972 /* Release */ = {
			isa = XCBuildConfiguration;
			buildSettings = {
				"CODE_SIGN_IDENTITY[sdk=iphoneos*]" = "iPhone Developer";
				FRAMEWORK_SEARCH_PATHS = (
					"$(inherited)",
					"\"$(SYSTEM_APPS_DIR)/Xcode.app/Contents/Developer/Library/Frameworks\"",
				);
				GCC_PRECOMPILE_PREFIX_HEADER = YES;
				GCC_PREFIX_HEADER = "ServiceClientDemos/ServiceClientDemos-Prefix.pch";
				INFOPLIST_FILE = "ServiceClientDemos/ServiceClientDemos-Info.plist";
				IPHONEOS_DEPLOYMENT_TARGET = 5.1;
				LIBRARY_SEARCH_PATHS = "\"$(SRCROOT)/ServiceClient\"";
				OTHER_CFLAGS = "-DNS_BLOCK_ASSERTIONS=1";
				OTHER_LDFLAGS = (
					"-all_load",
					"-ObjC",
				);
				PRODUCT_NAME = "$(TARGET_NAME)";
				TARGETED_DEVICE_FAMILY = "1,2";
				WRAPPER_EXTENSION = app;
			};
			name = Release;
		};
/* End XCBuildConfiguration section */

/* Begin XCConfigurationList section */
		FB2EB22C1538FDB5002B7B71 /* Build configuration list for PBXProject "ServiceClient" */ = {
			isa = XCConfigurationList;
			buildConfigurations = (
				FB2EB2541538FDB5002B7B71 /* Debug */,
				FB2EB2551538FDB5002B7B71 /* Release */,
			);
			defaultConfigurationIsVisible = 0;
			defaultConfigurationName = Release;
		};
		FB2EB2561538FDB5002B7B71 /* Build configuration list for PBXNativeTarget "ServiceClient" */ = {
			isa = XCConfigurationList;
			buildConfigurations = (
				FB2EB2571538FDB5002B7B71 /* Debug */,
				FB2EB2581538FDB5002B7B71 /* Release */,
			);
			defaultConfigurationIsVisible = 0;
			defaultConfigurationName = Release;
		};
		FB2EB2591538FDB5002B7B71 /* Build configuration list for PBXNativeTarget "ServiceClientTests" */ = {
			isa = XCConfigurationList;
			buildConfigurations = (
				FB2EB25A1538FDB5002B7B71 /* Debug */,
				FB2EB25B1538FDB5002B7B71 /* Release */,
			);
			defaultConfigurationIsVisible = 0;
			defaultConfigurationName = Release;
		};
		FB66EBFB1540EF5D00479972 /* Build configuration list for PBXNativeTarget "ServiceClientDemos" */ = {
			isa = XCConfigurationList;
			buildConfigurations = (
				FB66EBFC1540EF5D00479972 /* Debug */,
				FB66EBFD1540EF5D00479972 /* Release */,
			);
			defaultConfigurationIsVisible = 0;
			defaultConfigurationName = Release;
		};
/* End XCConfigurationList section */
	};
	rootObject = FB2EB2291538FDB5002B7B71 /* Project object */;
}
